
Microsoft Visual Studio Solution File, Format Version 12.00
# Visual Studio Version 16
VisualStudioVersion = 25.0.1705.4
MinimumVisualStudioVersion = 10.0.40219.1
Project("{FAE04EC0-301F-11D3-BF4B-00C04F79EFBC}") = "dotnet-7", "dotnet-7.csproj", "{9B577512-60C4-4119-806B-9C0C103B736B}"
EndProject
Global
	GlobalSection(SolutionConfigurationPlatforms) = preSolution
		Debug|Any CPU = Debug|Any CPU
		Release|Any CPU = Release|Any CPU
	EndGlobalSection
	GlobalSection(ProjectConfigurationPlatforms) = postSolution
		{9B577512-60C4-4119-806B-9C0C103B736B}.Debug|Any CPU.ActiveCfg = Debug|Any CPU
		{9B577512-60C4-4119-806B-9C0C103B736B}.Debug|Any CPU.Build.0 = Debug|Any CPU
		{9B577512-60C4-4119-806B-9C0C103B736B}.Release|Any CPU.ActiveCfg = Release|Any CPU
		{9B577512-60C4-4119-806B-9C0C103B736B}.Release|Any CPU.Build.0 = Release|Any CPU
	EndGlobalSection
	GlobalSection(SolutionProperties) = preSolution
		HideSolutionNode = FALSE
	EndGlobalSection
	GlobalSection(ExtensibilityGlobals) = postSolution
		SolutionGuid = {1F08D7E5-14F0-4DBD-B4E2-04AC9732EDB8}
	EndGlobalSection
EndGlobal
